
Microsoft Visual Studio Solution File, Format Version 12.00
# Visual Studio Version 16
VisualStudioVersion = 16.0.30503.244
MinimumVisualStudioVersion = 10.0.40219.1
Project("{8BC9CEB8-8B4A-11D0-8D11-00A0C91BC942}") = "NadoCoding", "NadoCoding\NadoCoding.vcxproj", "{D0E276F7-5A5E-442F-A24F-085EE0B3E062}"
EndProject
Global
	GlobalSection(SolutionConfigurationPlatforms) = preSolution
		Debug|x64 = Debug|x64
		Debug|x86 = Debug|x86
		Release|x64 = Release|x64
		Release|x86 = Release|x86
	EndGlobalSection
	GlobalSection(ProjectConfigurationPlatforms) = postSolution
		{D0E276F7-5A5E-442F-A24F-085EE0B3E062}.Debug|x64.ActiveCfg = Debug|x64
		{D0E276F7-5A5E-442F-A24F-085EE0B3E062}.Debug|x64.Build.0 = Debug|x64
		{D0E276F7-5A5E-442F-A24F-085EE0B3E062}.Debug|x86.ActiveCfg = Debug|Win32
		{D0E276F7-5A5E-442F-A24F-085EE0B3E062}.Debug|x86.Build.0 = Debug|Win32
		{D0E276F7-5A5E-442F-A24F-085EE0B3E062}.Release|x64.ActiveCfg = Release|x64
		{D0E276F7-5A5E-442F-A24F-085EE0B3E062}.Release|x64.Build.0 = Release|x64
		{D0E276F7-5A5E-442F-A24F-085EE0B3E062}.Release|x86.ActiveCfg = Release|Win32
		{D0E276F7-5A5E-442F-A24F-085EE0B3E062}.Release|x86.Build.0 = Release|Win32
	EndGlobalSection
	GlobalSection(SolutionProperties) = preSolution
		HideSolutionNode = FALSE
	EndGlobalSection
	GlobalSection(ExtensibilityGlobals) = postSolution
		SolutionGuid = {B4CE9F51-4C6D-4B89-8DEF-F8ACFBEDCEE5}
	EndGlobalSection
EndGlobal
